
Microsoft Visual Studio Solution File, Format Version 12.00
# Visual Studio Version 16
VisualStudioVersion = 16.0.30517.126
MinimumVisualStudioVersion = 10.0.40219.1
Project("{FAE04EC0-301F-11D3-BF4B-00C04F79EFBC}") = "WPFMvvMTest", "WPFMvvMTest\WPFMvvMTest.csproj", "{428A3788-FDFA-42AE-BEB7-2D7722CB8719}"
EndProject
Global
	GlobalSection(SolutionConfigurationPlatforms) = preSolution
		Debug|Any CPU = Debug|Any CPU
		Release|Any CPU = Release|Any CPU
	EndGlobalSection
	GlobalSection(ProjectConfigurationPlatforms) = postSolution
		{428A3788-FDFA-42AE-BEB7-2D7722CB8719}.Debug|Any CPU.ActiveCfg = Debug|Any CPU
		{428A3788-FDFA-42AE-BEB7-2D7722CB8719}.Debug|Any CPU.Build.0 = Debug|Any CPU
		{428A3788-FDFA-42AE-BEB7-2D7722CB8719}.Release|Any CPU.ActiveCfg = Release|Any CPU
		{428A3788-FDFA-42AE-BEB7-2D7722CB8719}.Release|Any CPU.Build.0 = Release|Any CPU
	EndGlobalSection
	GlobalSection(SolutionProperties) = preSolution
		HideSolutionNode = FALSE
	EndGlobalSection
	GlobalSection(ExtensibilityGlobals) = postSolution
		SolutionGuid = {817DBD3E-0FE6-4D79-B0EA-18184EDB3783}
	EndGlobalSection
EndGlobal
