
Microsoft Visual Studio Solution File, Format Version 12.00
# Visual Studio Version 16
VisualStudioVersion = 16.0.30517.126
MinimumVisualStudioVersion = 10.0.40219.1
Project("{FAE04EC0-301F-11D3-BF4B-00C04F79EFBC}") = "WPFBasicControlApp1", "WPFBasicControlApp1\WPFBasicControlApp1.csproj", "{73B2004F-B41D-4307-A197-D263D1FD6931}"
EndProject
Global
	GlobalSection(SolutionConfigurationPlatforms) = preSolution
		Debug|Any CPU = Debug|Any CPU
		Release|Any CPU = Release|Any CPU
	EndGlobalSection
	GlobalSection(ProjectConfigurationPlatforms) = postSolution
		{73B2004F-B41D-4307-A197-D263D1FD6931}.Debug|Any CPU.ActiveCfg = Debug|Any CPU
		{73B2004F-B41D-4307-A197-D263D1FD6931}.Debug|Any CPU.Build.0 = Debug|Any CPU
		{73B2004F-B41D-4307-A197-D263D1FD6931}.Release|Any CPU.ActiveCfg = Release|Any CPU
		{73B2004F-B41D-4307-A197-D263D1FD6931}.Release|Any CPU.Build.0 = Release|Any CPU
	EndGlobalSection
	GlobalSection(SolutionProperties) = preSolution
		HideSolutionNode = FALSE
	EndGlobalSection
	GlobalSection(ExtensibilityGlobals) = postSolution
		SolutionGuid = {90042CBB-F6CF-4240-9969-BC707E629161}
	EndGlobalSection
EndGlobal
